
Microsoft Visual Studio Solution File, Format Version 12.00
# Visual Studio Version 17
VisualStudioVersion = 17.11.35312.102
MinimumVisualStudioVersion = 10.0.40219.1
Project("{8BC9CEB8-8B4A-11D0-8D11-00A0C91BC942}") = "2024.10.23", "2024.10.23\2024.10.23.vcxproj", "{6FED248F-97D9-43EC-ACAA-932ADD582A67}"
EndProject
Global
	GlobalSection(SolutionConfigurationPlatforms) = preSolution
		Debug|x64 = Debug|x64
		Debug|x86 = Debug|x86
		Release|x64 = Release|x64
		Release|x86 = Release|x86
	EndGlobalSection
	GlobalSection(ProjectConfigurationPlatforms) = postSolution
		{6FED248F-97D9-43EC-ACAA-932ADD582A67}.Debug|x64.ActiveCfg = Debug|x64
		{6FED248F-97D9-43EC-ACAA-932ADD582A67}.Debug|x64.Build.0 = Debug|x64
		{6FED248F-97D9-43EC-ACAA-932ADD582A67}.Debug|x86.ActiveCfg = Debug|Win32
		{6FED248F-97D9-43EC-ACAA-932ADD582A67}.Debug|x86.Build.0 = Debug|Win32
		{6FED248F-97D9-43EC-ACAA-932ADD582A67}.Release|x64.ActiveCfg = Release|x64
		{6FED248F-97D9-43EC-ACAA-932ADD582A67}.Release|x64.Build.0 = Release|x64
		{6FED248F-97D9-43EC-ACAA-932ADD582A67}.Release|x86.ActiveCfg = Release|Win32
		{6FED248F-97D9-43EC-ACAA-932ADD582A67}.Release|x86.Build.0 = Release|Win32
	EndGlobalSection
	GlobalSection(SolutionProperties) = preSolution
		HideSolutionNode = FALSE
	EndGlobalSection
	GlobalSection(ExtensibilityGlobals) = postSolution
		SolutionGuid = {3C01C2E5-3978-4F2B-995F-9A22625B7A71}
	EndGlobalSection
EndGlobal
