
Microsoft Visual Studio Solution File, Format Version 12.00
# Visual Studio Version 17
VisualStudioVersion = 17.11.35327.3
MinimumVisualStudioVersion = 10.0.40219.1
Project("{8BC9CEB8-8B4A-11D0-8D11-00A0C91BC942}") = "2024.10.30", "2024.10.30\2024.10.30.vcxproj", "{B108AEE3-AB19-4431-8BFC-D7DE359FACBD}"
EndProject
Global
	GlobalSection(SolutionConfigurationPlatforms) = preSolution
		Debug|x64 = Debug|x64
		Debug|x86 = Debug|x86
		Release|x64 = Release|x64
		Release|x86 = Release|x86
	EndGlobalSection
	GlobalSection(ProjectConfigurationPlatforms) = postSolution
		{B108AEE3-AB19-4431-8BFC-D7DE359FACBD}.Debug|x64.ActiveCfg = Debug|x64
		{B108AEE3-AB19-4431-8BFC-D7DE359FACBD}.Debug|x64.Build.0 = Debug|x64
		{B108AEE3-AB19-4431-8BFC-D7DE359FACBD}.Debug|x86.ActiveCfg = Debug|Win32
		{B108AEE3-AB19-4431-8BFC-D7DE359FACBD}.Debug|x86.Build.0 = Debug|Win32
		{B108AEE3-AB19-4431-8BFC-D7DE359FACBD}.Release|x64.ActiveCfg = Release|x64
		{B108AEE3-AB19-4431-8BFC-D7DE359FACBD}.Release|x64.Build.0 = Release|x64
		{B108AEE3-AB19-4431-8BFC-D7DE359FACBD}.Release|x86.ActiveCfg = Release|Win32
		{B108AEE3-AB19-4431-8BFC-D7DE359FACBD}.Release|x86.Build.0 = Release|Win32
	EndGlobalSection
	GlobalSection(SolutionProperties) = preSolution
		HideSolutionNode = FALSE
	EndGlobalSection
	GlobalSection(ExtensibilityGlobals) = postSolution
		SolutionGuid = {D1CD03E2-6E42-4AC8-B40C-48A9231F245E}
	EndGlobalSection
EndGlobal
